
Microsoft Visual Studio Solution File, Format Version 12.00
# Visual Studio Version 16
VisualStudioVersion = 16.0.30011.22
MinimumVisualStudioVersion = 10.0.40219.1
Project("{9A19103F-16F7-4668-BE54-9A1E7A4F7556}") = "ApiAgendamentos", "ApiAgendamentos\ApiAgendamentos.csproj", "{3027DB55-5BF9-44DA-8D57-0A3178E24DA9}"
EndProject
Global
	GlobalSection(SolutionConfigurationPlatforms) = preSolution
		Debug|Any CPU = Debug|Any CPU
		Release|Any CPU = Release|Any CPU
	EndGlobalSection
	GlobalSection(ProjectConfigurationPlatforms) = postSolution
		{3027DB55-5BF9-44DA-8D57-0A3178E24DA9}.Debug|Any CPU.ActiveCfg = Debug|Any CPU
		{3027DB55-5BF9-44DA-8D57-0A3178E24DA9}.Debug|Any CPU.Build.0 = Debug|Any CPU
		{3027DB55-5BF9-44DA-8D57-0A3178E24DA9}.Release|Any CPU.ActiveCfg = Release|Any CPU
		{3027DB55-5BF9-44DA-8D57-0A3178E24DA9}.Release|Any CPU.Build.0 = Release|Any CPU
	EndGlobalSection
	GlobalSection(SolutionProperties) = preSolution
		HideSolutionNode = FALSE
	EndGlobalSection
	GlobalSection(ExtensibilityGlobals) = postSolution
		SolutionGuid = {8CAC8CE5-93DB-49DD-AA29-7E4E9FB76446}
	EndGlobalSection
EndGlobal
